
Microsoft Visual Studio Solution File, Format Version 12.00
# Visual Studio Version 17
VisualStudioVersion = 17.12.35707.178
MinimumVisualStudioVersion = 10.0.40219.1
Project("{FAE04EC0-301F-11D3-BF4B-00C04F79EFBC}") = "Contracts", "Contracts\Contracts.csproj", "{FD506875-B494-4BE3-A3FE-1155EC165B4E}"
EndProject
Project("{FAE04EC0-301F-11D3-BF4B-00C04F79EFBC}") = "GrcpUploadService", "GrcpUploadService\GrcpUploadService.csproj", "{AD858C5F-C589-47B7-A4DF-44513967B4DF}"
EndProject
Project("{FAE04EC0-301F-11D3-BF4B-00C04F79EFBC}") = "ClientApp", "ClientApp\ClientApp.csproj", "{D93E18FE-18C5-4775-997C-81206F9C44E8}"
EndProject
Project("{FAE04EC0-301F-11D3-BF4B-00C04F79EFBC}") = "GrpcTransformService", "GrpcTransformService\GrpcTransformService.csproj", "{BA0A19EB-5264-4AD5-9989-2F2A1F1A4D6A}"
EndProject
Global
	GlobalSection(SolutionConfigurationPlatforms) = preSolution
		Debug|Any CPU = Debug|Any CPU
		Release|Any CPU = Release|Any CPU
	EndGlobalSection
	GlobalSection(ProjectConfigurationPlatforms) = postSolution
		{FD506875-B494-4BE3-A3FE-1155EC165B4E}.Debug|Any CPU.ActiveCfg = Debug|Any CPU
		{FD506875-B494-4BE3-A3FE-1155EC165B4E}.Debug|Any CPU.Build.0 = Debug|Any CPU
		{FD506875-B494-4BE3-A3FE-1155EC165B4E}.Release|Any CPU.ActiveCfg = Release|Any CPU
		{FD506875-B494-4BE3-A3FE-1155EC165B4E}.Release|Any CPU.Build.0 = Release|Any CPU
		{AD858C5F-C589-47B7-A4DF-44513967B4DF}.Debug|Any CPU.ActiveCfg = Debug|Any CPU
		{AD858C5F-C589-47B7-A4DF-44513967B4DF}.Debug|Any CPU.Build.0 = Debug|Any CPU
		{AD858C5F-C589-47B7-A4DF-44513967B4DF}.Release|Any CPU.ActiveCfg = Release|Any CPU
		{AD858C5F-C589-47B7-A4DF-44513967B4DF}.Release|Any CPU.Build.0 = Release|Any CPU
		{D93E18FE-18C5-4775-997C-81206F9C44E8}.Debug|Any CPU.ActiveCfg = Debug|Any CPU
		{D93E18FE-18C5-4775-997C-81206F9C44E8}.Debug|Any CPU.Build.0 = Debug|Any CPU
		{D93E18FE-18C5-4775-997C-81206F9C44E8}.Release|Any CPU.ActiveCfg = Release|Any CPU
		{D93E18FE-18C5-4775-997C-81206F9C44E8}.Release|Any CPU.Build.0 = Release|Any CPU
		{BA0A19EB-5264-4AD5-9989-2F2A1F1A4D6A}.Debug|Any CPU.ActiveCfg = Debug|Any CPU
		{BA0A19EB-5264-4AD5-9989-2F2A1F1A4D6A}.Debug|Any CPU.Build.0 = Debug|Any CPU
		{BA0A19EB-5264-4AD5-9989-2F2A1F1A4D6A}.Release|Any CPU.ActiveCfg = Release|Any CPU
		{BA0A19EB-5264-4AD5-9989-2F2A1F1A4D6A}.Release|Any CPU.Build.0 = Release|Any CPU
	EndGlobalSection
	GlobalSection(SolutionProperties) = preSolution
		HideSolutionNode = FALSE
	EndGlobalSection
EndGlobal
