
Microsoft Visual Studio Solution File, Format Version 12.00
# Visual Studio Version 18
VisualStudioVersion = 18.6.11723.189 insiders
MinimumVisualStudioVersion = 10.0.40219.1
Project("{FAE04EC0-301F-11D3-BF4B-00C04F79EFBC}") = "CSharpView", "CSharpView.csproj", "{D2000701-6C5E-96AA-7E82-70A4D31468D7}"
EndProject
Global
	GlobalSection(SolutionConfigurationPlatforms) = preSolution
		Debug|Any CPU = Debug|Any CPU
		Release|Any CPU = Release|Any CPU
	EndGlobalSection
	GlobalSection(ProjectConfigurationPlatforms) = postSolution
		{D2000701-6C5E-96AA-7E82-70A4D31468D7}.Debug|Any CPU.ActiveCfg = Debug|Any CPU
		{D2000701-6C5E-96AA-7E82-70A4D31468D7}.Debug|Any CPU.Build.0 = Debug|Any CPU
		{D2000701-6C5E-96AA-7E82-70A4D31468D7}.Release|Any CPU.ActiveCfg = Release|Any CPU
		{D2000701-6C5E-96AA-7E82-70A4D31468D7}.Release|Any CPU.Build.0 = Release|Any CPU
	EndGlobalSection
	GlobalSection(SolutionProperties) = preSolution
		HideSolutionNode = FALSE
	EndGlobalSection
	GlobalSection(ExtensibilityGlobals) = postSolution
		SolutionGuid = {B46C0830-C55E-4468-99C2-7E4184658B30}
	EndGlobalSection
EndGlobal
