
Microsoft Visual Studio Solution File, Format Version 12.00
# Visual Studio Version 17
VisualStudioVersion = 17.12.35707.178 d17.12
MinimumVisualStudioVersion = 10.0.40219.1
Project("{FAE04EC0-301F-11D3-BF4B-00C04F79EFBC}") = "Beginning", "Beginning\Beginning.csproj", "{79F5DC0D-056B-485F-B044-CEB00C5F5F7F}"
EndProject
Project("{FAE04EC0-301F-11D3-BF4B-00C04F79EFBC}") = "FirstRefactoring", "FirstRefactoring\FirstRefactoring.csproj", "{B86FF0C0-531D-4D2B-BC6B-358891043FF7}"
EndProject
Project("{FAE04EC0-301F-11D3-BF4B-00C04F79EFBC}") = "SecondRefactoring", "SecondRefactoring\SecondRefactoring.csproj", "{573C987A-5837-4224-A248-76314C721439}"
EndProject
Project("{FAE04EC0-301F-11D3-BF4B-00C04F79EFBC}") = "Revolution", "Revolution\Revolution.csproj", "{19E9D55F-0946-462F-8F03-713F4EEC00DC}"
EndProject
Project("{FAE04EC0-301F-11D3-BF4B-00C04F79EFBC}") = "FinalBattle", "FinalBattle\FinalBattle.csproj", "{CA255649-6EB4-41B9-A7C4-E36F8A370111}"
EndProject
Project("{FAE04EC0-301F-11D3-BF4B-00C04F79EFBC}") = "RefactoredFinalBattle.Library", "RefactoredFinalBattle.Library\RefactoredFinalBattle.Library.csproj", "{9018C32D-67EF-49CF-AA1D-E92A892B83ED}"
EndProject
Project("{FAE04EC0-301F-11D3-BF4B-00C04F79EFBC}") = "RefactoredFinalBattle.Test", "RefactoredFinalBattle.Test\RefactoredFinalBattle.Test.csproj", "{C78972F7-8B5A-4BC6-B558-857C7C8A4B8B}"
EndProject
Global
	GlobalSection(SolutionConfigurationPlatforms) = preSolution
		Debug|Any CPU = Debug|Any CPU
		Release|Any CPU = Release|Any CPU
	EndGlobalSection
	GlobalSection(ProjectConfigurationPlatforms) = postSolution
		{79F5DC0D-056B-485F-B044-CEB00C5F5F7F}.Debug|Any CPU.ActiveCfg = Debug|Any CPU
		{79F5DC0D-056B-485F-B044-CEB00C5F5F7F}.Debug|Any CPU.Build.0 = Debug|Any CPU
		{79F5DC0D-056B-485F-B044-CEB00C5F5F7F}.Release|Any CPU.ActiveCfg = Release|Any CPU
		{79F5DC0D-056B-485F-B044-CEB00C5F5F7F}.Release|Any CPU.Build.0 = Release|Any CPU
		{B86FF0C0-531D-4D2B-BC6B-358891043FF7}.Debug|Any CPU.ActiveCfg = Debug|Any CPU
		{B86FF0C0-531D-4D2B-BC6B-358891043FF7}.Debug|Any CPU.Build.0 = Debug|Any CPU
		{B86FF0C0-531D-4D2B-BC6B-358891043FF7}.Release|Any CPU.ActiveCfg = Release|Any CPU
		{B86FF0C0-531D-4D2B-BC6B-358891043FF7}.Release|Any CPU.Build.0 = Release|Any CPU
		{573C987A-5837-4224-A248-76314C721439}.Debug|Any CPU.ActiveCfg = Debug|Any CPU
		{573C987A-5837-4224-A248-76314C721439}.Debug|Any CPU.Build.0 = Debug|Any CPU
		{573C987A-5837-4224-A248-76314C721439}.Release|Any CPU.ActiveCfg = Release|Any CPU
		{573C987A-5837-4224-A248-76314C721439}.Release|Any CPU.Build.0 = Release|Any CPU
		{19E9D55F-0946-462F-8F03-713F4EEC00DC}.Debug|Any CPU.ActiveCfg = Debug|Any CPU
		{19E9D55F-0946-462F-8F03-713F4EEC00DC}.Debug|Any CPU.Build.0 = Debug|Any CPU
		{19E9D55F-0946-462F-8F03-713F4EEC00DC}.Release|Any CPU.ActiveCfg = Release|Any CPU
		{19E9D55F-0946-462F-8F03-713F4EEC00DC}.Release|Any CPU.Build.0 = Release|Any CPU
		{CA255649-6EB4-41B9-A7C4-E36F8A370111}.Debug|Any CPU.ActiveCfg = Debug|Any CPU
		{CA255649-6EB4-41B9-A7C4-E36F8A370111}.Debug|Any CPU.Build.0 = Debug|Any CPU
		{CA255649-6EB4-41B9-A7C4-E36F8A370111}.Release|Any CPU.ActiveCfg = Release|Any CPU
		{CA255649-6EB4-41B9-A7C4-E36F8A370111}.Release|Any CPU.Build.0 = Release|Any CPU
		{9018C32D-67EF-49CF-AA1D-E92A892B83ED}.Debug|Any CPU.ActiveCfg = Debug|Any CPU
		{9018C32D-67EF-49CF-AA1D-E92A892B83ED}.Debug|Any CPU.Build.0 = Debug|Any CPU
		{9018C32D-67EF-49CF-AA1D-E92A892B83ED}.Release|Any CPU.ActiveCfg = Release|Any CPU
		{9018C32D-67EF-49CF-AA1D-E92A892B83ED}.Release|Any CPU.Build.0 = Release|Any CPU
		{C78972F7-8B5A-4BC6-B558-857C7C8A4B8B}.Debug|Any CPU.ActiveCfg = Debug|Any CPU
		{C78972F7-8B5A-4BC6-B558-857C7C8A4B8B}.Debug|Any CPU.Build.0 = Debug|Any CPU
		{C78972F7-8B5A-4BC6-B558-857C7C8A4B8B}.Release|Any CPU.ActiveCfg = Release|Any CPU
		{C78972F7-8B5A-4BC6-B558-857C7C8A4B8B}.Release|Any CPU.Build.0 = Release|Any CPU
	EndGlobalSection
	GlobalSection(SolutionProperties) = preSolution
		HideSolutionNode = FALSE
	EndGlobalSection
EndGlobal
